
Microsoft Visual Studio Solution File, Format Version 12.00
# Visual Studio Version 17
VisualStudioVersion = 17.1.32210.238
MinimumVisualStudioVersion = 10.0.40219.1
Project("{FAE04EC0-301F-11D3-BF4B-00C04F79EFBC}") = "WpfOOPLab1", "WpfOOPLab1\WpfOOPLab1.csproj", "{BB7C1C5F-F6DA-45A5-A2EA-B41564BD2489}"
EndProject
Global
	GlobalSection(SolutionConfigurationPlatforms) = preSolution
		Debug|Any CPU = Debug|Any CPU
		Release|Any CPU = Release|Any CPU
	EndGlobalSection
	GlobalSection(ProjectConfigurationPlatforms) = postSolution
		{BB7C1C5F-F6DA-45A5-A2EA-B41564BD2489}.Debug|Any CPU.ActiveCfg = Debug|Any CPU
		{BB7C1C5F-F6DA-45A5-A2EA-B41564BD2489}.Debug|Any CPU.Build.0 = Debug|Any CPU
		{BB7C1C5F-F6DA-45A5-A2EA-B41564BD2489}.Release|Any CPU.ActiveCfg = Release|Any CPU
		{BB7C1C5F-F6DA-45A5-A2EA-B41564BD2489}.Release|Any CPU.Build.0 = Release|Any CPU
	EndGlobalSection
	GlobalSection(SolutionProperties) = preSolution
		HideSolutionNode = FALSE
	EndGlobalSection
	GlobalSection(ExtensibilityGlobals) = postSolution
		SolutionGuid = {B3A603A9-6759-4C72-AC52-99FF7006F974}
	EndGlobalSection
EndGlobal
